
Microsoft Visual Studio Solution File, Format Version 12.00
# Visual Studio 15
VisualStudioVersion = 15.0.27004.2005
MinimumVisualStudioVersion = 10.0.40219.1
Project("{FAE04EC0-301F-11D3-BF4B-00C04F79EFBC}") = "OfficeAssistant", "OfficeAssistant\OfficeAssistant.csproj", "{B3022C58-0436-456C-A087-EE80335592EF}"
EndProject
Project("{2150E333-8FDC-42A3-9474-1A3956D46DE8}") = "Component", "Component", "{C924E8FD-41FC-47FF-BFE4-1662E3193232}"
EndProject
Project("{2150E333-8FDC-42A3-9474-1A3956D46DE8}") = "Service", "Service", "{4F5B0325-868C-43F3-B844-09E6209665E6}"
EndProject
Project("{FAE04EC0-301F-11D3-BF4B-00C04F79EFBC}") = "Component.Service.Mail", "Component.Service.Mail\Component.Service.Mail.csproj", "{C78C1ADA-6FFB-4339-A71A-7498524ED1EB}"
EndProject
Global
	GlobalSection(SolutionConfigurationPlatforms) = preSolution
		Debug|Any CPU = Debug|Any CPU
		Release|Any CPU = Release|Any CPU
	EndGlobalSection
	GlobalSection(ProjectConfigurationPlatforms) = postSolution
		{B3022C58-0436-456C-A087-EE80335592EF}.Debug|Any CPU.ActiveCfg = Debug|Any CPU
		{B3022C58-0436-456C-A087-EE80335592EF}.Debug|Any CPU.Build.0 = Debug|Any CPU
		{B3022C58-0436-456C-A087-EE80335592EF}.Release|Any CPU.ActiveCfg = Release|Any CPU
		{B3022C58-0436-456C-A087-EE80335592EF}.Release|Any CPU.Build.0 = Release|Any CPU
		{C78C1ADA-6FFB-4339-A71A-7498524ED1EB}.Debug|Any CPU.ActiveCfg = Debug|Any CPU
		{C78C1ADA-6FFB-4339-A71A-7498524ED1EB}.Debug|Any CPU.Build.0 = Debug|Any CPU
		{C78C1ADA-6FFB-4339-A71A-7498524ED1EB}.Release|Any CPU.ActiveCfg = Release|Any CPU
		{C78C1ADA-6FFB-4339-A71A-7498524ED1EB}.Release|Any CPU.Build.0 = Release|Any CPU
	EndGlobalSection
	GlobalSection(SolutionProperties) = preSolution
		HideSolutionNode = FALSE
	EndGlobalSection
	GlobalSection(NestedProjects) = preSolution
		{4F5B0325-868C-43F3-B844-09E6209665E6} = {C924E8FD-41FC-47FF-BFE4-1662E3193232}
		{C78C1ADA-6FFB-4339-A71A-7498524ED1EB} = {4F5B0325-868C-43F3-B844-09E6209665E6}
	EndGlobalSection
	GlobalSection(ExtensibilityGlobals) = postSolution
		SolutionGuid = {0B593FE2-E22F-4AFA-BE0C-2559E4605569}
	EndGlobalSection
EndGlobal
